{
  "name": "todomvc-app-template",
  "version": "1.0.0",
  "lockfileVersion": 1,
  "requires": true,
  "dependencies": {
    "angular": {
      "version": "1.6.5",
      "resolved": "http://registry.npm.taobao.org/angular/download/angular-1.6.5.tgz",
      "integrity": "sha1-N/eI7r7Fzi4/oCsXu8sqIxV2oNY="
    },
    "angular-route": {
      "version": "1.6.5",
      "resolved": "http://registry.npm.taobao.org/angular-route/download/angular-route-1.6.5.tgz",
      "integrity": "sha1-r0VZMpn1WHTQJhAYrbEVIKOBfSo="
    },
    "todomvc-app-css": {
      "version": "2.1.0",
      "resolved": "http://registry.npm.taobao.org/todomvc-app-css/download/todomvc-app-css-2.1.0.tgz",
      "integrity": "sha1-tvJxbTOa+i5feZNH0qSLBTliQqU="
    },
    "todomvc-common": {
      "version": "1.0.3",
      "resolved": "http://registry.npm.taobao.org/todomvc-common/download/todomvc-common-1.0.3.tgz",
      "integrity": "sha1-y6GGgQnKpAG5COv3d5TMEBS3SHM="
    }
  }
}
